
Microsoft Visual Studio Solution File, Format Version 12.00
# Visual Studio Version 17
VisualStudioVersion = 17.5.002.0
MinimumVisualStudioVersion = 10.0.40219.1
Project("{9A19103F-16F7-4668-BE54-9A1E7A4F7556}") = "api", "api\api.csproj", "{F4682691-ABAD-45CD-B894-67E6A33F2421}"
EndProject
Global
	GlobalSection(SolutionConfigurationPlatforms) = preSolution
		Debug|Any CPU = Debug|Any CPU
		Release|Any CPU = Release|Any CPU
	EndGlobalSection
	GlobalSection(ProjectConfigurationPlatforms) = postSolution
		{F4682691-ABAD-45CD-B894-67E6A33F2421}.Debug|Any CPU.ActiveCfg = Debug|Any CPU
		{F4682691-ABAD-45CD-B894-67E6A33F2421}.Debug|Any CPU.Build.0 = Debug|Any CPU
		{F4682691-ABAD-45CD-B894-67E6A33F2421}.Release|Any CPU.ActiveCfg = Release|Any CPU
		{F4682691-ABAD-45CD-B894-67E6A33F2421}.Release|Any CPU.Build.0 = Release|Any CPU
	EndGlobalSection
	GlobalSection(SolutionProperties) = preSolution
		HideSolutionNode = FALSE
	EndGlobalSection
	GlobalSection(ExtensibilityGlobals) = postSolution
		SolutionGuid = {9BE3BB2D-A2D6-4BDC-8C7C-ECADD7AABAE5}
	EndGlobalSection
EndGlobal
